// !$*UTF8*$!
{
	archiveVersion = 1;
	classes = {
	};
	objectVersion = 48;
	objects = {

/* Begin PBXBuildFile section */
		9652E0A6202DFF1C00614227 /* AppDelegate.swift in Sources */ = {isa = PBXBuildFile; fileRef = 9652E0A5202DFF1C00614227 /* AppDelegate.swift */; };
		9652E0A8202DFF1C00614227 /* TodoListController.swift in Sources */ = {isa = PBXBuildFile; fileRef = 9652E0A7202DFF1C00614227 /* TodoListController.swift */; };
		9652E0AB202DFF1C00614227 /* Main.storyboard in Resources */ = {isa = PBXBuildFile; fileRef = 9652E0A9202DFF1C00614227 /* Main.storyboard */; };
		9652E0AD202DFF1C00614227 /* Assets.xcassets in Resources */ = {isa = PBXBuildFile; fileRef = 9652E0AC202DFF1C00614227 /* Assets.xcassets */; };
		9652E0B0202DFF1C00614227 /* LaunchScreen.storyboard in Resources */ = {isa = PBXBuildFile; fileRef = 9652E0AE202DFF1C00614227 /* LaunchScreen.storyboard */; };
		96D6091A203AACC200B83D8A /* CategoryViewController.swift in Sources */ = {isa = PBXBuildFile; fileRef = 96D60919203AACC200B83D8A /* CategoryViewController.swift */; };
		96D6091E203E267700B83D8A /* Item.swift in Sources */ = {isa = PBXBuildFile; fileRef = 96D6091D203E267700B83D8A /* Item.swift */; };
		96D60920203E268C00B83D8A /* Category.swift in Sources */ = {isa = PBXBuildFile; fileRef = 96D6091F203E268C00B83D8A /* Category.swift */; };
		C33F3E6017AFE328E9E33313 /* Pods_Todoozy.framework in Frameworks */ = {isa = PBXBuildFile; fileRef = C3DCEF800911C63B03C88FA6 /* Pods_Todoozy.framework */; };
/* End PBXBuildFile section */

/* Begin PBXFileReference section */
		1718491245D71509888385A8 /* Pods-Todoozy.debug.xcconfig */ = {isa = PBXFileReference; includeInIndex = 1; lastKnownFileType = text.xcconfig; name = "Pods-Todoozy.debug.xcconfig"; path = "Pods/Target Support Files/Pods-Todoozy/Pods-Todoozy.debug.xcconfig"; sourceTree = "<group>"; };
		9652E0A2202DFF1C00614227 /* Todoozy.app */ = {isa = PBXFileReference; explicitFileType = wrapper.application; includeInIndex = 0; path = Todoozy.app; sourceTree = BUILT_PRODUCTS_DIR; };
		9652E0A5202DFF1C00614227 /* AppDelegate.swift */ = {isa = PBXFileReference; lastKnownFileType = sourcecode.swift; path = AppDelegate.swift; sourceTree = "<group>"; };
		9652E0A7202DFF1C00614227 /* TodoListController.swift */ = {isa = PBXFileReference; lastKnownFileType = sourcecode.swift; path = TodoListController.swift; sourceTree = "<group>"; };
		9652E0AA202DFF1C00614227 /* Base */ = {isa = PBXFileReference; lastKnownFileType = file.storyboard; name = Base; path = Base.lproj/Main.storyboard; sourceTree = "<group>"; };
		9652E0AC202DFF1C00614227 /* Assets.xcassets */ = {isa = PBXFileReference; lastKnownFileType = folder.assetcatalog; path = Assets.xcassets; sourceTree = "<group>"; };
		9652E0AF202DFF1C00614227 /* Base */ = {isa = PBXFileReference; lastKnownFileType = file.storyboard; name = Base; path = Base.lproj/LaunchScreen.storyboard; sourceTree = "<group>"; };
		9652E0B1202DFF1C00614227 /* Info.plist */ = {isa = PBXFileReference; lastKnownFileType = text.plist.xml; path = Info.plist; sourceTree = "<group>"; };
		96D60919203AACC200B83D8A /* CategoryViewController.swift */ = {isa = PBXFileReference; lastKnownFileType = sourcecode.swift; path = CategoryViewController.swift; sourceTree = "<group>"; };
		96D6091D203E267700B83D8A /* Item.swift */ = {isa = PBXFileReference; lastKnownFileType = sourcecode.swift; path = Item.swift; sourceTree = "<group>"; };
		96D6091F203E268C00B83D8A /* Category.swift */ = {isa = PBXFileReference; lastKnownFileType = sourcecode.swift; path = Category.swift; sourceTree = "<group>"; };
		C3DCEF800911C63B03C88FA6 /* Pods_Todoozy.framework */ = {isa = PBXFileReference; explicitFileType = wrapper.framework; includeInIndex = 0; path = Pods_Todoozy.framework; sourceTree = BUILT_PRODUCTS_DIR; };
		C490C079619E38B97EDC4831 /* Pods-Todoozy.release.xcconfig */ = {isa = PBXFileReference; includeInIndex = 1; lastKnownFileType = text.xcconfig; name = "Pods-Todoozy.release.xcconfig"; path = "Pods/Target Support Files/Pods-Todoozy/Pods-Todoozy.release.xcconfig"; sourceTree = "<group>"; };
/* End PBXFileReference section */

/* Begin PBXFrameworksBuildPhase section */
		9652E09F202DFF1C00614227 /* Frameworks */ = {
			isa = PBXFrameworksBuildPhase;
			buildActionMask = 2147483647;
			files = (
				C33F3E6017AFE328E9E33313 /* Pods_Todoozy.framework in Frameworks */,
			);
			runOnlyForDeploymentPostprocessing = 0;
		};
/* End PBXFrameworksBuildPhase section */

/* Begin PBXGroup section */
		472CD8E189D97EF1A96BB7B2 /* Pods */ = {
			isa = PBXGroup;
			children = (
				1718491245D71509888385A8 /* Pods-Todoozy.debug.xcconfig */,
				C490C079619E38B97EDC4831 /* Pods-Todoozy.release.xcconfig */,
			);
			name = Pods;
			sourceTree = "<group>";
		};
		9652E099202DFF1C00614227 = {
			isa = PBXGroup;
			children = (
				9652E0A4202DFF1C00614227 /* Todoozy */,
				9652E0A3202DFF1C00614227 /* Products */,
				472CD8E189D97EF1A96BB7B2 /* Pods */,
				DC5C4548C38EC10D4737FF77 /* Frameworks */,
			);
			sourceTree = "<group>";
		};
		9652E0A3202DFF1C00614227 /* Products */ = {
			isa = PBXGroup;
			children = (
				9652E0A2202DFF1C00614227 /* Todoozy.app */,
			);
			name = Products;
			sourceTree = "<group>";
		};
		9652E0A4202DFF1C00614227 /* Todoozy */ = {
			isa = PBXGroup;
			children = (
				9652E0A5202DFF1C00614227 /* AppDelegate.swift */,
				96AF788F20301C6F003035E6 /* Controllers */,
				96AF788D20301C32003035E6 /* Data Model */,
				96AF788E20301C4F003035E6 /* Views */,
				96AF789020301D50003035E6 /* Supporting Files */,
				9652E0B1202DFF1C00614227 /* Info.plist */,
			);
			path = Todoozy;
			sourceTree = "<group>";
		};
		96AF788D20301C32003035E6 /* Data Model */ = {
			isa = PBXGroup;
			children = (
				96D6091F203E268C00B83D8A /* Category.swift */,
				96D6091D203E267700B83D8A /* Item.swift */,
			);
			path = "Data Model";
			sourceTree = "<group>";
		};
		96AF788E20301C4F003035E6 /* Views */ = {
			isa = PBXGroup;
			children = (
				9652E0A9202DFF1C00614227 /* Main.storyboard */,
			);
			path = Views;
			sourceTree = "<group>";
		};
		96AF788F20301C6F003035E6 /* Controllers */ = {
			isa = PBXGroup;
			children = (
				96D60919203AACC200B83D8A /* CategoryViewController.swift */,
				9652E0A7202DFF1C00614227 /* TodoListController.swift */,
			);
			path = Controllers;
			sourceTree = "<group>";
		};
		96AF789020301D50003035E6 /* Supporting Files */ = {
			isa = PBXGroup;
			children = (
				9652E0AC202DFF1C00614227 /* Assets.xcassets */,
				9652E0AE202DFF1C00614227 /* LaunchScreen.storyboard */,
			);
			path = "Supporting Files";
			sourceTree = "<group>";
		};
		DC5C4548C38EC10D4737FF77 /* Frameworks */ = {
			isa = PBXGroup;
			children = (
				C3DCEF800911C63B03C88FA6 /* Pods_Todoozy.framework */,
			);
			name = Frameworks;
			sourceTree = "<group>";
		};
/* End PBXGroup section */

/* Begin PBXNativeTarget section */
		9652E0A1202DFF1C00614227 /* Todoozy */ = {
			isa = PBXNativeTarget;
			buildConfigurationList = 9652E0B4202DFF1C00614227 /* Build configuration list for PBXNativeTarget "Todoozy" */;
			buildPhases = (
				A159D833D0584C49183F55CE /* [CP] Check Pods Manifest.lock */,
				9652E09E202DFF1C00614227 /* Sources */,
				9652E09F202DFF1C00614227 /* Frameworks */,
				9652E0A0202DFF1C00614227 /* Resources */,
				0426283869B252EFBC803470 /* [CP] Embed Pods Frameworks */,
				1805668BFFF57712A7C51AEE /* [CP] Copy Pods Resources */,
			);
			buildRules = (
			);
			dependencies = (
			);
			name = Todoozy;
			productName = Todoozy;
			productReference = 9652E0A2202DFF1C00614227 /* Todoozy.app */;
			productType = "com.apple.product-type.application";
		};
/* End PBXNativeTarget section */

/* Begin PBXProject section */
		9652E09A202DFF1C00614227 /* Project object */ = {
			isa = PBXProject;
			attributes = {
				LastSwiftUpdateCheck = 0920;
				LastUpgradeCheck = 0920;
				ORGANIZATIONNAME = "Jason Luehsenhop";
				TargetAttributes = {
					9652E0A1202DFF1C00614227 = {
						CreatedOnToolsVersion = 9.2;
						ProvisioningStyle = Automatic;
					};
				};
			};
			buildConfigurationList = 9652E09D202DFF1C00614227 /* Build configuration list for PBXProject "Todoozy" */;
			compatibilityVersion = "Xcode 8.0";
			developmentRegion = en;
			hasScannedForEncodings = 0;
			knownRegions = (
				en,
				Base,
			);
			mainGroup = 9652E099202DFF1C00614227;
			productRefGroup = 9652E0A3202DFF1C00614227 /* Products */;
			projectDirPath = "";
			projectRoot = "";
			targets = (
				9652E0A1202DFF1C00614227 /* Todoozy */,
			);
		};
/* End PBXProject section */

/* Begin PBXResourcesBuildPhase section */
		9652E0A0202DFF1C00614227 /* Resources */ = {
			isa = PBXResourcesBuildPhase;
			buildActionMask = 2147483647;
			files = (
				9652E0B0202DFF1C00614227 /* LaunchScreen.storyboard in Resources */,
				9652E0AD202DFF1C00614227 /* Assets.xcassets in Resources */,
				9652E0AB202DFF1C00614227 /* Main.storyboard in Resources */,
			);
			runOnlyForDeploymentPostprocessing = 0;
		};
/* End PBXResourcesBuildPhase section */

/* Begin PBXShellScriptBuildPhase section */
		0426283869B252EFBC803470 /* [CP] Embed Pods Frameworks */ = {
			isa = PBXShellScriptBuildPhase;
			buildActionMask = 2147483647;
			files = (
			);
			inputPaths = (
				"${SRCROOT}/Pods/Target Support Files/Pods-Todoozy/Pods-Todoozy-frameworks.sh",
				"${BUILT_PRODUCTS_DIR}/Realm/Realm.framework",
				"${BUILT_PRODUCTS_DIR}/RealmSwift/RealmSwift.framework",
			);
			name = "[CP] Embed Pods Frameworks";
			outputPaths = (
				"${TARGET_BUILD_DIR}/${FRAMEWORKS_FOLDER_PATH}/Realm.framework",
				"${TARGET_BUILD_DIR}/${FRAMEWORKS_FOLDER_PATH}/RealmSwift.framework",
			);
			runOnlyForDeploymentPostprocessing = 0;
			shellPath = /bin/sh;
			shellScript = "\"${SRCROOT}/Pods/Target Support Files/Pods-Todoozy/Pods-Todoozy-frameworks.sh\"\n";
			showEnvVarsInLog = 0;
		};
		1805668BFFF57712A7C51AEE /* [CP] Copy Pods Resources */ = {
			isa = PBXShellScriptBuildPhase;
			buildActionMask = 2147483647;
			files = (
			);
			inputPaths = (
			);
			name = "[CP] Copy Pods Resources";
			outputPaths = (
			);
			runOnlyForDeploymentPostprocessing = 0;
			shellPath = /bin/sh;
			shellScript = "\"${SRCROOT}/Pods/Target Support Files/Pods-Todoozy/Pods-Todoozy-resources.sh\"\n";
			showEnvVarsInLog = 0;
		};
		A159D833D0584C49183F55CE /* [CP] Check Pods Manifest.lock */ = {
			isa = PBXShellScriptBuildPhase;
			buildActionMask = 2147483647;
			files = (
			);
			inputPaths = (
				"${PODS_PODFILE_DIR_PATH}/Podfile.lock",
				"${PODS_ROOT}/Manifest.lock",
			);
			name = "[CP] Check Pods Manifest.lock";
			outputPaths = (
				"$(DERIVED_FILE_DIR)/Pods-Todoozy-checkManifestLockResult.txt",
			);
			runOnlyForDeploymentPostprocessing = 0;
			shellPath = /bin/sh;
			shellScript = "diff \"${PODS_PODFILE_DIR_PATH}/Podfile.lock\" \"${PODS_ROOT}/Manifest.lock\" > /dev/null\nif [ $? != 0 ] ; then\n    # print error to STDERR\n    echo \"error: The sandbox is not in sync with the Podfile.lock. Run 'pod install' or update your CocoaPods installation.\" >&2\n    exit 1\nfi\n# This output is used by Xcode 'outputs' to avoid re-running this script phase.\necho \"SUCCESS\" > \"${SCRIPT_OUTPUT_FILE_0}\"\n";
			showEnvVarsInLog = 0;
		};
/* End PBXShellScriptBuildPhase section */

/* Begin PBXSourcesBuildPhase section */
		9652E09E202DFF1C00614227 /* Sources */ = {
			isa = PBXSourcesBuildPhase;
			buildActionMask = 2147483647;
			files = (
				96D6091E203E267700B83D8A /* Item.swift in Sources */,
				96D6091A203AACC200B83D8A /* CategoryViewController.swift in Sources */,
				9652E0A8202DFF1C00614227 /* TodoListController.swift in Sources */,
				9652E0A6202DFF1C00614227 /* AppDelegate.swift in Sources */,
				96D60920203E268C00B83D8A /* Category.swift in Sources */,
			);
			runOnlyForDeploymentPostprocessing = 0;
		};
/* End PBXSourcesBuildPhase section */

/* Begin PBXVariantGroup section */
		9652E0A9202DFF1C00614227 /* Main.storyboard */ = {
			isa = PBXVariantGroup;
			children = (
				9652E0AA202DFF1C00614227 /* Base */,
			);
			name = Main.storyboard;
			sourceTree = "<group>";
		};
		9652E0AE202DFF1C00614227 /* LaunchScreen.storyboard */ = {
			isa = PBXVariantGroup;
			children = (
				9652E0AF202DFF1C00614227 /* Base */,
			);
			name = LaunchScreen.storyboard;
			sourceTree = "<group>";
		};
/* End PBXVariantGroup section */

/* Begin XCBuildConfiguration section */
		9652E0B2202DFF1C00614227 /* Debug */ = {
			isa = XCBuildConfiguration;
			buildSettings = {
				ALWAYS_SEARCH_USER_PATHS = NO;
				CLANG_ANALYZER_NONNULL = YES;
				CLANG_ANALYZER_NUMBER_OBJECT_CONVERSION = YES_AGGRESSIVE;
				CLANG_CXX_LANGUAGE_STANDARD = "gnu++14";
				CLANG_CXX_LIBRARY = "libc++";
				CLANG_ENABLE_MODULES = YES;
				CLANG_ENABLE_OBJC_ARC = YES;
				CLANG_WARN_BLOCK_CAPTURE_AUTORELEASING = YES;
				CLANG_WARN_BOOL_CONVERSION = YES;
				CLANG_WARN_COMMA = YES;
				CLANG_WARN_CONSTANT_CONVERSION = YES;
				CLANG_WARN_DIRECT_OBJC_ISA_USAGE = YES_ERROR;
				CLANG_WARN_DOCUMENTATION_COMMENTS = YES;
				CLANG_WARN_EMPTY_BODY = YES;
				CLANG_WARN_ENUM_CONVERSION = YES;
				CLANG_WARN_INFINITE_RECURSION = YES;
				CLANG_WARN_INT_CONVERSION = YES;
				CLANG_WARN_NON_LITERAL_NULL_CONVERSION = YES;
				CLANG_WARN_OBJC_LITERAL_CONVERSION = YES;
				CLANG_WARN_OBJC_ROOT_CLASS = YES_ERROR;
				CLANG_WARN_RANGE_LOOP_ANALYSIS = YES;
				CLANG_WARN_STRICT_PROTOTYPES = YES;
				CLANG_WARN_SUSPICIOUS_MOVE = YES;
				CLANG_WARN_UNGUARDED_AVAILABILITY = YES_AGGRESSIVE;
				CLANG_WARN_UNREACHABLE_CODE = YES;
				CLANG_WARN__DUPLICATE_METHOD_MATCH = YES;
				CODE_SIGN_IDENTITY = "iPhone Developer";
				COPY_PHASE_STRIP = NO;
				DEBUG_INFORMATION_FORMAT = dwarf;
				ENABLE_STRICT_OBJC_MSGSEND = YES;
				ENABLE_TESTABILITY = YES;
				GCC_C_LANGUAGE_STANDARD = gnu11;
				GCC_DYNAMIC_NO_PIC = NO;
				GCC_NO_COMMON_BLOCKS = YES;
				GCC_OPTIMIZATION_LEVEL = 0;
				GCC_PREPROCESSOR_DEFINITIONS = (
					"DEBUG=1",
					"$(inherited)",
				);
				GCC_WARN_64_TO_32_BIT_CONVERSION = YES;
				GCC_WARN_ABOUT_RETURN_TYPE = YES_ERROR;
				GCC_WARN_UNDECLARED_SELECTOR = YES;
				GCC_WARN_UNINITIALIZED_AUTOS = YES_AGGRESSIVE;
				GCC_WARN_UNUSED_FUNCTION = YES;
				GCC_WARN_UNUSED_VARIABLE = YES;
				IPHONEOS_DEPLOYMENT_TARGET = 11.2;
				MTL_ENABLE_DEBUG_INFO = YES;
				ONLY_ACTIVE_ARCH = YES;
				SDKROOT = iphoneos;
				SWIFT_ACTIVE_COMPILATION_CONDITIONS = DEBUG;
				SWIFT_OPTIMIZATION_LEVEL = "-Onone";
			};
			name = Debug;
		};
		9652E0B3202DFF1C00614227 /* Release */ = {
			isa = XCBuildConfiguration;
			buildSettings = {
				ALWAYS_SEARCH_USER_PATHS = NO;
				CLANG_ANALYZER_NONNULL = YES;
				CLANG_ANALYZER_NUMBER_OBJECT_CONVERSION = YES_AGGRESSIVE;
				CLANG_CXX_LANGUAGE_STANDARD = "gnu++14";
				CLANG_CXX_LIBRARY = "libc++";
				CLANG_ENABLE_MODULES = YES;
				CLANG_ENABLE_OBJC_ARC = YES;
				CLANG_WARN_BLOCK_CAPTURE_AUTORELEASING = YES;
				CLANG_WARN_BOOL_CONVERSION = YES;
				CLANG_WARN_COMMA = YES;
				CLANG_WARN_CONSTANT_CONVERSION = YES;
				CLANG_WARN_DIRECT_OBJC_ISA_USAGE = YES_ERROR;
				CLANG_WARN_DOCUMENTATION_COMMENTS = YES;
				CLANG_WARN_EMPTY_BODY = YES;
				CLANG_WARN_ENUM_CONVERSION = YES;
				CLANG_WARN_INFINITE_RECURSION = YES;
				CLANG_WARN_INT_CONVERSION = YES;
				CLANG_WARN_NON_LITERAL_NULL_CONVERSION = YES;
				CLANG_WARN_OBJC_LITERAL_CONVERSION = YES;
				CLANG_WARN_OBJC_ROOT_CLASS = YES_ERROR;
				CLANG_WARN_RANGE_LOOP_ANALYSIS = YES;
				CLANG_WARN_STRICT_PROTOTYPES = YES;
				CLANG_WARN_SUSPICIOUS_MOVE = YES;
				CLANG_WARN_UNGUARDED_AVAILABILITY = YES_AGGRESSIVE;
				CLANG_WARN_UNREACHABLE_CODE = YES;
				CLANG_WARN__DUPLICATE_METHOD_MATCH = YES;
				CODE_SIGN_IDENTITY = "iPhone Developer";
				COPY_PHASE_STRIP = NO;
				DEBUG_INFORMATION_FORMAT = "dwarf-with-dsym";
				ENABLE_NS_ASSERTIONS = NO;
				ENABLE_STRICT_OBJC_MSGSEND = YES;
				GCC_C_LANGUAGE_STANDARD = gnu11;
				GCC_NO_COMMON_BLOCKS = YES;
				GCC_WARN_64_TO_32_BIT_CONVERSION = YES;
				GCC_WARN_ABOUT_RETURN_TYPE = YES_ERROR;
				GCC_WARN_UNDECLARED_SELECTOR = YES;
				GCC_WARN_UNINITIALIZED_AUTOS = YES_AGGRESSIVE;
				GCC_WARN_UNUSED_FUNCTION = YES;
				GCC_WARN_UNUSED_VARIABLE = YES;
				IPHONEOS_DEPLOYMENT_TARGET = 11.2;
				MTL_ENABLE_DEBUG_INFO = NO;
				SDKROOT = iphoneos;
				SWIFT_OPTIMIZATION_LEVEL = "-Owholemodule";
				VALIDATE_PRODUCT = YES;
			};
			name = Release;
		};
		9652E0B5202DFF1C00614227 /* Debug */ = {
			isa = XCBuildConfiguration;
			baseConfigurationReference = 1718491245D71509888385A8 /* Pods-Todoozy.debug.xcconfig */;
			buildSettings = {
				ASSETCATALOG_COMPILER_APPICON_NAME = AppIcon;
				CODE_SIGN_STYLE = Automatic;
				INFOPLIST_FILE = Todoozy/Info.plist;
				LD_RUNPATH_SEARCH_PATHS = "$(inherited) @executable_path/Frameworks";
				PRODUCT_BUNDLE_IDENTIFIER = com.jasonluehsenhop.Todoozy;
				PRODUCT_NAME = "$(TARGET_NAME)";
				SWIFT_VERSION = 4.0;
				TARGETED_DEVICE_FAMILY = "1,2";
			};
			name = Debug;
		};
		9652E0B6202DFF1C00614227 /* Release */ = {
			isa = XCBuildConfiguration;
			baseConfigurationReference = C490C079619E38B97EDC4831 /* Pods-Todoozy.release.xcconfig */;
			buildSettings = {
				ASSETCATALOG_COMPILER_APPICON_NAME = AppIcon;
				CODE_SIGN_STYLE = Automatic;
				INFOPLIST_FILE = Todoozy/Info.plist;
				LD_RUNPATH_SEARCH_PATHS = "$(inherited) @executable_path/Frameworks";
				PRODUCT_BUNDLE_IDENTIFIER = com.jasonluehsenhop.Todoozy;
				PRODUCT_NAME = "$(TARGET_NAME)";
				SWIFT_VERSION = 4.0;
				TARGETED_DEVICE_FAMILY = "1,2";
			};
			name = Release;
		};
/* End XCBuildConfiguration section */

/* Begin XCConfigurationList section */
		9652E09D202DFF1C00614227 /* Build configuration list for PBXProject "Todoozy" */ = {
			isa = XCConfigurationList;
			buildConfigurations = (
				9652E0B2202DFF1C00614227 /* Debug */,
				9652E0B3202DFF1C00614227 /* Release */,
			);
			defaultConfigurationIsVisible = 0;
			defaultConfigurationName = Release;
		};
		9652E0B4202DFF1C00614227 /* Build configuration list for PBXNativeTarget "Todoozy" */ = {
			isa = XCConfigurationList;
			buildConfigurations = (
				9652E0B5202DFF1C00614227 /* Debug */,
				9652E0B6202DFF1C00614227 /* Release */,
			);
			defaultConfigurationIsVisible = 0;
			defaultConfigurationName = Release;
		};
/* End XCConfigurationList section */
	};
	rootObject = 9652E09A202DFF1C00614227 /* Project object */;
}
